// !$*UTF8*$!
{
	archiveVersion = 1;
	classes = {
	};
	objectVersion = 56;
	objects = {

/* Begin PBXBuildFile section */
		3A58012F0E30F03C5774AABA /* Pods_VIPexperience.framework in Frameworks */ = {isa = PBXBuildFile; fileRef = 78BCD3CC6133FA7984B6A3F7 /* Pods_VIPexperience.framework */; };
		9DCE37B72B31BC0000089654 /* AppDelegate.swift in Sources */ = {isa = PBXBuildFile; fileRef = 9DCE37B62B31BC0000089654 /* AppDelegate.swift */; };
		9DCE37B92B31BC0000089654 /* SceneDelegate.swift in Sources */ = {isa = PBXBuildFile; fileRef = 9DCE37B82B31BC0000089654 /* SceneDelegate.swift */; };
		9DCE37BB2B31BC0000089654 /* ViewController.swift in Sources */ = {isa = PBXBuildFile; fileRef = 9DCE37BA2B31BC0000089654 /* ViewController.swift */; };
		9DCE37BE2B31BC0000089654 /* Main.storyboard in Resources */ = {isa = PBXBuildFile; fileRef = 9DCE37BC2B31BC0000089654 /* Main.storyboard */; };
		9DCE37C02B31BC0300089654 /* Assets.xcassets in Resources */ = {isa = PBXBuildFile; fileRef = 9DCE37BF2B31BC0300089654 /* Assets.xcassets */; };
		9DCE37C32B31BC0300089654 /* LaunchScreen.storyboard in Resources */ = {isa = PBXBuildFile; fileRef = 9DCE37C12B31BC0300089654 /* LaunchScreen.storyboard */; };
		9DCE37CE2B31BE3000089654 /* DNDCorePackage.framework in Frameworks */ = {isa = PBXBuildFile; fileRef = 9DCE37CA2B31BE3000089654 /* DNDCorePackage.framework */; };
		9DCE37CF2B31BE3000089654 /* DNDCorePackage.framework in Embed Frameworks */ = {isa = PBXBuildFile; fileRef = 9DCE37CA2B31BE3000089654 /* DNDCorePackage.framework */; settings = {ATTRIBUTES = (CodeSignOnCopy, RemoveHeadersOnCopy, ); }; };
		9DCE37D02B31BE3000089654 /* DNDResources.framework in Frameworks */ = {isa = PBXBuildFile; fileRef = 9DCE37CB2B31BE3000089654 /* DNDResources.framework */; };
		9DCE37D12B31BE3000089654 /* DNDResources.framework in Embed Frameworks */ = {isa = PBXBuildFile; fileRef = 9DCE37CB2B31BE3000089654 /* DNDResources.framework */; settings = {ATTRIBUTES = (CodeSignOnCopy, RemoveHeadersOnCopy, ); }; };
		9DCE37D22B31BE3000089654 /* NetworkLayer.framework in Frameworks */ = {isa = PBXBuildFile; fileRef = 9DCE37CC2B31BE3000089654 /* NetworkLayer.framework */; };
		9DCE37D32B31BE3000089654 /* NetworkLayer.framework in Embed Frameworks */ = {isa = PBXBuildFile; fileRef = 9DCE37CC2B31BE3000089654 /* NetworkLayer.framework */; settings = {ATTRIBUTES = (CodeSignOnCopy, RemoveHeadersOnCopy, ); }; };
		9DCE37D42B31BE3000089654 /* PhotoLibraryMedia.framework in Frameworks */ = {isa = PBXBuildFile; fileRef = 9DCE37CD2B31BE3000089654 /* PhotoLibraryMedia.framework */; };
		9DCE37D52B31BE3000089654 /* PhotoLibraryMedia.framework in Embed Frameworks */ = {isa = PBXBuildFile; fileRef = 9DCE37CD2B31BE3000089654 /* PhotoLibraryMedia.framework */; settings = {ATTRIBUTES = (CodeSignOnCopy, RemoveHeadersOnCopy, ); }; };
		9DCE37D82B31C02C00089654 /* VIPModule.framework in Frameworks */ = {isa = PBXBuildFile; fileRef = 9DCE37D72B31C02C00089654 /* VIPModule.framework */; };
		9DCE37D92B31C02C00089654 /* VIPModule.framework in Embed Frameworks */ = {isa = PBXBuildFile; fileRef = 9DCE37D72B31C02C00089654 /* VIPModule.framework */; settings = {ATTRIBUTES = (CodeSignOnCopy, RemoveHeadersOnCopy, ); }; };
/* End PBXBuildFile section */

/* Begin PBXCopyFilesBuildPhase section */
		9DCE37D62B31BE3000089654 /* Embed Frameworks */ = {
			isa = PBXCopyFilesBuildPhase;
			buildActionMask = 2147483647;
			dstPath = "";
			dstSubfolderSpec = 10;
			files = (
				9DCE37D32B31BE3000089654 /* NetworkLayer.framework in Embed Frameworks */,
				9DCE37CF2B31BE3000089654 /* DNDCorePackage.framework in Embed Frameworks */,
				9DCE37D92B31C02C00089654 /* VIPModule.framework in Embed Frameworks */,
				9DCE37D52B31BE3000089654 /* PhotoLibraryMedia.framework in Embed Frameworks */,
				9DCE37D12B31BE3000089654 /* DNDResources.framework in Embed Frameworks */,
			);
			name = "Embed Frameworks";
			runOnlyForDeploymentPostprocessing = 0;
		};
/* End PBXCopyFilesBuildPhase section */

/* Begin PBXFileReference section */
		111A98DC976192CC8A43D13C /* Pods-VIPexperience.release.xcconfig */ = {isa = PBXFileReference; includeInIndex = 1; lastKnownFileType = text.xcconfig; name = "Pods-VIPexperience.release.xcconfig"; path = "Target Support Files/Pods-VIPexperience/Pods-VIPexperience.release.xcconfig"; sourceTree = "<group>"; };
		2C6F861FC6CA5C2BB582ADD0 /* Pods-VIPexperience.debug.xcconfig */ = {isa = PBXFileReference; includeInIndex = 1; lastKnownFileType = text.xcconfig; name = "Pods-VIPexperience.debug.xcconfig"; path = "Target Support Files/Pods-VIPexperience/Pods-VIPexperience.debug.xcconfig"; sourceTree = "<group>"; };
		78BCD3CC6133FA7984B6A3F7 /* Pods_VIPexperience.framework */ = {isa = PBXFileReference; explicitFileType = wrapper.framework; includeInIndex = 0; path = Pods_VIPexperience.framework; sourceTree = BUILT_PRODUCTS_DIR; };
		9DCE37B32B31BC0000089654 /* VIPexperience.app */ = {isa = PBXFileReference; explicitFileType = wrapper.application; includeInIndex = 0; path = VIPexperience.app; sourceTree = BUILT_PRODUCTS_DIR; };
		9DCE37B62B31BC0000089654 /* AppDelegate.swift */ = {isa = PBXFileReference; lastKnownFileType = sourcecode.swift; path = AppDelegate.swift; sourceTree = "<group>"; };
		9DCE37B82B31BC0000089654 /* SceneDelegate.swift */ = {isa = PBXFileReference; lastKnownFileType = sourcecode.swift; path = SceneDelegate.swift; sourceTree = "<group>"; };
		9DCE37BA2B31BC0000089654 /* ViewController.swift */ = {isa = PBXFileReference; lastKnownFileType = sourcecode.swift; path = ViewController.swift; sourceTree = "<group>"; };
		9DCE37BD2B31BC0000089654 /* Base */ = {isa = PBXFileReference; lastKnownFileType = file.storyboard; name = Base; path = Base.lproj/Main.storyboard; sourceTree = "<group>"; };
		9DCE37BF2B31BC0300089654 /* Assets.xcassets */ = {isa = PBXFileReference; lastKnownFileType = folder.assetcatalog; path = Assets.xcassets; sourceTree = "<group>"; };
		9DCE37C22B31BC0300089654 /* Base */ = {isa = PBXFileReference; lastKnownFileType = file.storyboard; name = Base; path = Base.lproj/LaunchScreen.storyboard; sourceTree = "<group>"; };
		9DCE37C42B31BC0300089654 /* Info.plist */ = {isa = PBXFileReference; lastKnownFileType = text.plist.xml; path = Info.plist; sourceTree = "<group>"; };
		9DCE37CA2B31BE3000089654 /* DNDCorePackage.framework */ = {isa = PBXFileReference; explicitFileType = wrapper.framework; path = DNDCorePackage.framework; sourceTree = BUILT_PRODUCTS_DIR; };
		9DCE37CB2B31BE3000089654 /* DNDResources.framework */ = {isa = PBXFileReference; explicitFileType = wrapper.framework; path = DNDResources.framework; sourceTree = BUILT_PRODUCTS_DIR; };
		9DCE37CC2B31BE3000089654 /* NetworkLayer.framework */ = {isa = PBXFileReference; explicitFileType = wrapper.framework; path = NetworkLayer.framework; sourceTree = BUILT_PRODUCTS_DIR; };
		9DCE37CD2B31BE3000089654 /* PhotoLibraryMedia.framework */ = {isa = PBXFileReference; explicitFileType = wrapper.framework; path = PhotoLibraryMedia.framework; sourceTree = BUILT_PRODUCTS_DIR; };
		9DCE37D72B31C02C00089654 /* VIPModule.framework */ = {isa = PBXFileReference; explicitFileType = wrapper.framework; path = VIPModule.framework; sourceTree = BUILT_PRODUCTS_DIR; };
/* End PBXFileReference section */

/* Begin PBXFrameworksBuildPhase section */
		9DCE37B02B31BC0000089654 /* Frameworks */ = {
			isa = PBXFrameworksBuildPhase;
			buildActionMask = 2147483647;
			files = (
				3A58012F0E30F03C5774AABA /* Pods_VIPexperience.framework in Frameworks */,
				9DCE37D22B31BE3000089654 /* NetworkLayer.framework in Frameworks */,
				9DCE37D42B31BE3000089654 /* PhotoLibraryMedia.framework in Frameworks */,
				9DCE37CE2B31BE3000089654 /* DNDCorePackage.framework in Frameworks */,
				9DCE37D82B31C02C00089654 /* VIPModule.framework in Frameworks */,
				9DCE37D02B31BE3000089654 /* DNDResources.framework in Frameworks */,
			);
			runOnlyForDeploymentPostprocessing = 0;
		};
/* End PBXFrameworksBuildPhase section */

/* Begin PBXGroup section */
		145BD46ABDB15D209AE2E709 /* Pods */ = {
			isa = PBXGroup;
			children = (
				2C6F861FC6CA5C2BB582ADD0 /* Pods-VIPexperience.debug.xcconfig */,
				111A98DC976192CC8A43D13C /* Pods-VIPexperience.release.xcconfig */,
			);
			path = Pods;
			sourceTree = "<group>";
		};
		9DCE37AA2B31BC0000089654 = {
			isa = PBXGroup;
			children = (
				9DCE37B52B31BC0000089654 /* VIPexperience */,
				9DCE37B42B31BC0000089654 /* Products */,
				145BD46ABDB15D209AE2E709 /* Pods */,
				DAA5306449204CD28BE853BC /* Frameworks */,
			);
			sourceTree = "<group>";
		};
		9DCE37B42B31BC0000089654 /* Products */ = {
			isa = PBXGroup;
			children = (
				9DCE37B32B31BC0000089654 /* VIPexperience.app */,
			);
			name = Products;
			sourceTree = "<group>";
		};
		9DCE37B52B31BC0000089654 /* VIPexperience */ = {
			isa = PBXGroup;
			children = (
				9DCE37B62B31BC0000089654 /* AppDelegate.swift */,
				9DCE37B82B31BC0000089654 /* SceneDelegate.swift */,
				9DCE37BA2B31BC0000089654 /* ViewController.swift */,
				9DCE37BC2B31BC0000089654 /* Main.storyboard */,
				9DCE37BF2B31BC0300089654 /* Assets.xcassets */,
				9DCE37C12B31BC0300089654 /* LaunchScreen.storyboard */,
				9DCE37C42B31BC0300089654 /* Info.plist */,
			);
			path = VIPexperience;
			sourceTree = "<group>";
		};
		DAA5306449204CD28BE853BC /* Frameworks */ = {
			isa = PBXGroup;
			children = (
				9DCE37D72B31C02C00089654 /* VIPModule.framework */,
				9DCE37CA2B31BE3000089654 /* DNDCorePackage.framework */,
				9DCE37CB2B31BE3000089654 /* DNDResources.framework */,
				9DCE37CC2B31BE3000089654 /* NetworkLayer.framework */,
				9DCE37CD2B31BE3000089654 /* PhotoLibraryMedia.framework */,
				78BCD3CC6133FA7984B6A3F7 /* Pods_VIPexperience.framework */,
			);
			name = Frameworks;
			sourceTree = "<group>";
		};
/* End PBXGroup section */

/* Begin PBXNativeTarget section */
		9DCE37B22B31BC0000089654 /* VIPexperience */ = {
			isa = PBXNativeTarget;
			buildConfigurationList = 9DCE37C72B31BC0300089654 /* Build configuration list for PBXNativeTarget "VIPexperience" */;
			buildPhases = (
				83DBA84D13299FE59FDC7133 /* [CP] Check Pods Manifest.lock */,
				9DCE37AF2B31BC0000089654 /* Sources */,
				9DCE37B02B31BC0000089654 /* Frameworks */,
				9DCE37B12B31BC0000089654 /* Resources */,
				373730521975F8E39753394E /* [CP] Embed Pods Frameworks */,
				9DCE37D62B31BE3000089654 /* Embed Frameworks */,
			);
			buildRules = (
			);
			dependencies = (
			);
			name = VIPexperience;
			productName = VIPexperience;
			productReference = 9DCE37B32B31BC0000089654 /* VIPexperience.app */;
			productType = "com.apple.product-type.application";
		};
/* End PBXNativeTarget section */

/* Begin PBXProject section */
		9DCE37AB2B31BC0000089654 /* Project object */ = {
			isa = PBXProject;
			attributes = {
				BuildIndependentTargetsInParallel = 1;
				LastSwiftUpdateCheck = 1420;
				LastUpgradeCheck = 1420;
				TargetAttributes = {
					9DCE37B22B31BC0000089654 = {
						CreatedOnToolsVersion = 14.2;
					};
				};
			};
			buildConfigurationList = 9DCE37AE2B31BC0000089654 /* Build configuration list for PBXProject "VIPexperience" */;
			compatibilityVersion = "Xcode 14.0";
			developmentRegion = en;
			hasScannedForEncodings = 0;
			knownRegions = (
				en,
				Base,
			);
			mainGroup = 9DCE37AA2B31BC0000089654;
			productRefGroup = 9DCE37B42B31BC0000089654 /* Products */;
			projectDirPath = "";
			projectRoot = "";
			targets = (
				9DCE37B22B31BC0000089654 /* VIPexperience */,
			);
		};
/* End PBXProject section */

/* Begin PBXResourcesBuildPhase section */
		9DCE37B12B31BC0000089654 /* Resources */ = {
			isa = PBXResourcesBuildPhase;
			buildActionMask = 2147483647;
			files = (
				9DCE37C32B31BC0300089654 /* LaunchScreen.storyboard in Resources */,
				9DCE37C02B31BC0300089654 /* Assets.xcassets in Resources */,
				9DCE37BE2B31BC0000089654 /* Main.storyboard in Resources */,
			);
			runOnlyForDeploymentPostprocessing = 0;
		};
/* End PBXResourcesBuildPhase section */

/* Begin PBXShellScriptBuildPhase section */
		373730521975F8E39753394E /* [CP] Embed Pods Frameworks */ = {
			isa = PBXShellScriptBuildPhase;
			buildActionMask = 2147483647;
			files = (
			);
			inputFileListPaths = (
				"${PODS_ROOT}/Target Support Files/Pods-VIPexperience/Pods-VIPexperience-frameworks-${CONFIGURATION}-input-files.xcfilelist",
			);
			name = "[CP] Embed Pods Frameworks";
			outputFileListPaths = (
				"${PODS_ROOT}/Target Support Files/Pods-VIPexperience/Pods-VIPexperience-frameworks-${CONFIGURATION}-output-files.xcfilelist",
			);
			runOnlyForDeploymentPostprocessing = 0;
			shellPath = /bin/sh;
			shellScript = "\"${PODS_ROOT}/Target Support Files/Pods-VIPexperience/Pods-VIPexperience-frameworks.sh\"\n";
			showEnvVarsInLog = 0;
		};
		83DBA84D13299FE59FDC7133 /* [CP] Check Pods Manifest.lock */ = {
			isa = PBXShellScriptBuildPhase;
			buildActionMask = 2147483647;
			files = (
			);
			inputFileListPaths = (
			);
			inputPaths = (
				"${PODS_PODFILE_DIR_PATH}/Podfile.lock",
				"${PODS_ROOT}/Manifest.lock",
			);
			name = "[CP] Check Pods Manifest.lock";
			outputFileListPaths = (
			);
			outputPaths = (
				"$(DERIVED_FILE_DIR)/Pods-VIPexperience-checkManifestLockResult.txt",
			);
			runOnlyForDeploymentPostprocessing = 0;
			shellPath = /bin/sh;
			shellScript = "diff \"${PODS_PODFILE_DIR_PATH}/Podfile.lock\" \"${PODS_ROOT}/Manifest.lock\" > /dev/null\nif [ $? != 0 ] ; then\n    # print error to STDERR\n    echo \"error: The sandbox is not in sync with the Podfile.lock. Run 'pod install' or update your CocoaPods installation.\" >&2\n    exit 1\nfi\n# This output is used by Xcode 'outputs' to avoid re-running this script phase.\necho \"SUCCESS\" > \"${SCRIPT_OUTPUT_FILE_0}\"\n";
			showEnvVarsInLog = 0;
		};
/* End PBXShellScriptBuildPhase section */

/* Begin PBXSourcesBuildPhase section */
		9DCE37AF2B31BC0000089654 /* Sources */ = {
			isa = PBXSourcesBuildPhase;
			buildActionMask = 2147483647;
			files = (
				9DCE37BB2B31BC0000089654 /* ViewController.swift in Sources */,
				9DCE37B72B31BC0000089654 /* AppDelegate.swift in Sources */,
				9DCE37B92B31BC0000089654 /* SceneDelegate.swift in Sources */,
			);
			runOnlyForDeploymentPostprocessing = 0;
		};
/* End PBXSourcesBuildPhase section */

/* Begin PBXVariantGroup section */
		9DCE37BC2B31BC0000089654 /* Main.storyboard */ = {
			isa = PBXVariantGroup;
			children = (
				9DCE37BD2B31BC0000089654 /* Base */,
			);
			name = Main.storyboard;
			sourceTree = "<group>";
		};
		9DCE37C12B31BC0300089654 /* LaunchScreen.storyboard */ = {
			isa = PBXVariantGroup;
			children = (
				9DCE37C22B31BC0300089654 /* Base */,
			);
			name = LaunchScreen.storyboard;
			sourceTree = "<group>";
		};
/* End PBXVariantGroup section */

/* Begin XCBuildConfiguration section */
		9DCE37C52B31BC0300089654 /* Debug */ = {
			isa = XCBuildConfiguration;
			buildSettings = {
				ALWAYS_SEARCH_USER_PATHS = NO;
				CLANG_ANALYZER_NONNULL = YES;
				CLANG_ANALYZER_NUMBER_OBJECT_CONVERSION = YES_AGGRESSIVE;
				CLANG_CXX_LANGUAGE_STANDARD = "gnu++20";
				CLANG_ENABLE_MODULES = YES;
				CLANG_ENABLE_OBJC_ARC = YES;
				CLANG_ENABLE_OBJC_WEAK = YES;
				CLANG_WARN_BLOCK_CAPTURE_AUTORELEASING = YES;
				CLANG_WARN_BOOL_CONVERSION = YES;
				CLANG_WARN_COMMA = YES;
				CLANG_WARN_CONSTANT_CONVERSION = YES;
				CLANG_WARN_DEPRECATED_OBJC_IMPLEMENTATIONS = YES;
				CLANG_WARN_DIRECT_OBJC_ISA_USAGE = YES_ERROR;
				CLANG_WARN_DOCUMENTATION_COMMENTS = YES;
				CLANG_WARN_EMPTY_BODY = YES;
				CLANG_WARN_ENUM_CONVERSION = YES;
				CLANG_WARN_INFINITE_RECURSION = YES;
				CLANG_WARN_INT_CONVERSION = YES;
				CLANG_WARN_NON_LITERAL_NULL_CONVERSION = YES;
				CLANG_WARN_OBJC_IMPLICIT_RETAIN_SELF = YES;
				CLANG_WARN_OBJC_LITERAL_CONVERSION = YES;
				CLANG_WARN_OBJC_ROOT_CLASS = YES_ERROR;
				CLANG_WARN_QUOTED_INCLUDE_IN_FRAMEWORK_HEADER = YES;
				CLANG_WARN_RANGE_LOOP_ANALYSIS = YES;
				CLANG_WARN_STRICT_PROTOTYPES = YES;
				CLANG_WARN_SUSPICIOUS_MOVE = YES;
				CLANG_WARN_UNGUARDED_AVAILABILITY = YES_AGGRESSIVE;
				CLANG_WARN_UNREACHABLE_CODE = YES;
				CLANG_WARN__DUPLICATE_METHOD_MATCH = YES;
				COPY_PHASE_STRIP = NO;
				DEBUG_INFORMATION_FORMAT = dwarf;
				ENABLE_STRICT_OBJC_MSGSEND = YES;
				ENABLE_TESTABILITY = YES;
				GCC_C_LANGUAGE_STANDARD = gnu11;
				GCC_DYNAMIC_NO_PIC = NO;
				GCC_NO_COMMON_BLOCKS = YES;
				GCC_OPTIMIZATION_LEVEL = 0;
				GCC_PREPROCESSOR_DEFINITIONS = (
					"DEBUG=1",
					"$(inherited)",
				);
				GCC_WARN_64_TO_32_BIT_CONVERSION = YES;
				GCC_WARN_ABOUT_RETURN_TYPE = YES_ERROR;
				GCC_WARN_UNDECLARED_SELECTOR = YES;
				GCC_WARN_UNINITIALIZED_AUTOS = YES_AGGRESSIVE;
				GCC_WARN_UNUSED_FUNCTION = YES;
				GCC_WARN_UNUSED_VARIABLE = YES;
				IPHONEOS_DEPLOYMENT_TARGET = 15.0;
				MTL_ENABLE_DEBUG_INFO = INCLUDE_SOURCE;
				MTL_FAST_MATH = YES;
				ONLY_ACTIVE_ARCH = YES;
				SDKROOT = iphoneos;
				SWIFT_ACTIVE_COMPILATION_CONDITIONS = DEBUG;
				SWIFT_OPTIMIZATION_LEVEL = "-Onone";
			};
			name = Debug;
		};
		9DCE37C62B31BC0300089654 /* Release */ = {
			isa = XCBuildConfiguration;
			buildSettings = {
				ALWAYS_SEARCH_USER_PATHS = NO;
				CLANG_ANALYZER_NONNULL = YES;
				CLANG_ANALYZER_NUMBER_OBJECT_CONVERSION = YES_AGGRESSIVE;
				CLANG_CXX_LANGUAGE_STANDARD = "gnu++20";
				CLANG_ENABLE_MODULES = YES;
				CLANG_ENABLE_OBJC_ARC = YES;
				CLANG_ENABLE_OBJC_WEAK = YES;
				CLANG_WARN_BLOCK_CAPTURE_AUTORELEASING = YES;
				CLANG_WARN_BOOL_CONVERSION = YES;
				CLANG_WARN_COMMA = YES;
				CLANG_WARN_CONSTANT_CONVERSION = YES;
				CLANG_WARN_DEPRECATED_OBJC_IMPLEMENTATIONS = YES;
				CLANG_WARN_DIRECT_OBJC_ISA_USAGE = YES_ERROR;
				CLANG_WARN_DOCUMENTATION_COMMENTS = YES;
				CLANG_WARN_EMPTY_BODY = YES;
				CLANG_WARN_ENUM_CONVERSION = YES;
				CLANG_WARN_INFINITE_RECURSION = YES;
				CLANG_WARN_INT_CONVERSION = YES;
				CLANG_WARN_NON_LITERAL_NULL_CONVERSION = YES;
				CLANG_WARN_OBJC_IMPLICIT_RETAIN_SELF = YES;
				CLANG_WARN_OBJC_LITERAL_CONVERSION = YES;
				CLANG_WARN_OBJC_ROOT_CLASS = YES_ERROR;
				CLANG_WARN_QUOTED_INCLUDE_IN_FRAMEWORK_HEADER = YES;
				CLANG_WARN_RANGE_LOOP_ANALYSIS = YES;
				CLANG_WARN_STRICT_PROTOTYPES = YES;
				CLANG_WARN_SUSPICIOUS_MOVE = YES;
				CLANG_WARN_UNGUARDED_AVAILABILITY = YES_AGGRESSIVE;
				CLANG_WARN_UNREACHABLE_CODE = YES;
				CLANG_WARN__DUPLICATE_METHOD_MATCH = YES;
				COPY_PHASE_STRIP = NO;
				DEBUG_INFORMATION_FORMAT = "dwarf-with-dsym";
				ENABLE_NS_ASSERTIONS = NO;
				ENABLE_STRICT_OBJC_MSGSEND = YES;
				GCC_C_LANGUAGE_STANDARD = gnu11;
				GCC_NO_COMMON_BLOCKS = YES;
				GCC_WARN_64_TO_32_BIT_CONVERSION = YES;
				GCC_WARN_ABOUT_RETURN_TYPE = YES_ERROR;
				GCC_WARN_UNDECLARED_SELECTOR = YES;
				GCC_WARN_UNINITIALIZED_AUTOS = YES_AGGRESSIVE;
				GCC_WARN_UNUSED_FUNCTION = YES;
				GCC_WARN_UNUSED_VARIABLE = YES;
				IPHONEOS_DEPLOYMENT_TARGET = 15.0;
				MTL_ENABLE_DEBUG_INFO = NO;
				MTL_FAST_MATH = YES;
				SDKROOT = iphoneos;
				SWIFT_COMPILATION_MODE = wholemodule;
				SWIFT_OPTIMIZATION_LEVEL = "-O";
				VALIDATE_PRODUCT = YES;
			};
			name = Release;
		};
		9DCE37C82B31BC0300089654 /* Debug */ = {
			isa = XCBuildConfiguration;
			baseConfigurationReference = 2C6F861FC6CA5C2BB582ADD0 /* Pods-VIPexperience.debug.xcconfig */;
			buildSettings = {
				ASSETCATALOG_COMPILER_APPICON_NAME = AppIcon;
				ASSETCATALOG_COMPILER_GLOBAL_ACCENT_COLOR_NAME = AccentColor;
				CODE_SIGN_STYLE = Automatic;
				CURRENT_PROJECT_VERSION = 1;
				DEVELOPMENT_TEAM = 948X4P5J2H;
				GENERATE_INFOPLIST_FILE = YES;
				INFOPLIST_FILE = VIPexperience/Info.plist;
				INFOPLIST_KEY_UIApplicationSupportsIndirectInputEvents = YES;
				INFOPLIST_KEY_UILaunchStoryboardName = LaunchScreen;
				INFOPLIST_KEY_UIMainStoryboardFile = Main;
				INFOPLIST_KEY_UISupportedInterfaceOrientations_iPad = "UIInterfaceOrientationPortrait UIInterfaceOrientationPortraitUpsideDown UIInterfaceOrientationLandscapeLeft UIInterfaceOrientationLandscapeRight";
				INFOPLIST_KEY_UISupportedInterfaceOrientations_iPhone = "UIInterfaceOrientationPortrait UIInterfaceOrientationLandscapeLeft UIInterfaceOrientationLandscapeRight";
				IPHONEOS_DEPLOYMENT_TARGET = 15.0;
				LD_RUNPATH_SEARCH_PATHS = (
					"$(inherited)",
					"@executable_path/Frameworks",
				);
				MARKETING_VERSION = 1.0;
				PRODUCT_BUNDLE_IDENTIFIER = com.DshNDezz.VIPexperience;
				PRODUCT_NAME = "$(TARGET_NAME)";
				SWIFT_EMIT_LOC_STRINGS = YES;
				SWIFT_VERSION = 5.0;
				TARGETED_DEVICE_FAMILY = "1,2";
			};
			name = Debug;
		};
		9DCE37C92B31BC0300089654 /* Release */ = {
			isa = XCBuildConfiguration;
			baseConfigurationReference = 111A98DC976192CC8A43D13C /* Pods-VIPexperience.release.xcconfig */;
			buildSettings = {
				ASSETCATALOG_COMPILER_APPICON_NAME = AppIcon;
				ASSETCATALOG_COMPILER_GLOBAL_ACCENT_COLOR_NAME = AccentColor;
				CODE_SIGN_STYLE = Automatic;
				CURRENT_PROJECT_VERSION = 1;
				DEVELOPMENT_TEAM = 948X4P5J2H;
				GENERATE_INFOPLIST_FILE = YES;
				INFOPLIST_FILE = VIPexperience/Info.plist;
				INFOPLIST_KEY_UIApplicationSupportsIndirectInputEvents = YES;
				INFOPLIST_KEY_UILaunchStoryboardName = LaunchScreen;
				INFOPLIST_KEY_UIMainStoryboardFile = Main;
				INFOPLIST_KEY_UISupportedInterfaceOrientations_iPad = "UIInterfaceOrientationPortrait UIInterfaceOrientationPortraitUpsideDown UIInterfaceOrientationLandscapeLeft UIInterfaceOrientationLandscapeRight";
				INFOPLIST_KEY_UISupportedInterfaceOrientations_iPhone = "UIInterfaceOrientationPortrait UIInterfaceOrientationLandscapeLeft UIInterfaceOrientationLandscapeRight";
				IPHONEOS_DEPLOYMENT_TARGET = 15.0;
				LD_RUNPATH_SEARCH_PATHS = (
					"$(inherited)",
					"@executable_path/Frameworks",
				);
				MARKETING_VERSION = 1.0;
				PRODUCT_BUNDLE_IDENTIFIER = com.DshNDezz.VIPexperience;
				PRODUCT_NAME = "$(TARGET_NAME)";
				SWIFT_EMIT_LOC_STRINGS = YES;
				SWIFT_VERSION = 5.0;
				TARGETED_DEVICE_FAMILY = "1,2";
			};
			name = Release;
		};
/* End XCBuildConfiguration section */

/* Begin XCConfigurationList section */
		9DCE37AE2B31BC0000089654 /* Build configuration list for PBXProject "VIPexperience" */ = {
			isa = XCConfigurationList;
			buildConfigurations = (
				9DCE37C52B31BC0300089654 /* Debug */,
				9DCE37C62B31BC0300089654 /* Release */,
			);
			defaultConfigurationIsVisible = 0;
			defaultConfigurationName = Release;
		};
		9DCE37C72B31BC0300089654 /* Build configuration list for PBXNativeTarget "VIPexperience" */ = {
			isa = XCConfigurationList;
			buildConfigurations = (
				9DCE37C82B31BC0300089654 /* Debug */,
				9DCE37C92B31BC0300089654 /* Release */,
			);
			defaultConfigurationIsVisible = 0;
			defaultConfigurationName = Release;
		};
/* End XCConfigurationList section */
	};
	rootObject = 9DCE37AB2B31BC0000089654 /* Project object */;
}
